
Microsoft Visual Studio Solution File, Format Version 12.00
# Visual Studio Version 17
VisualStudioVersion = 17.11.35219.272
MinimumVisualStudioVersion = 10.0.40219.1
Project("{FAE04EC0-301F-11D3-BF4B-00C04F79EFBC}") = "ProjectAPI", "ProjectAPI\ProjectAPI.csproj", "{C9B33994-E0D5-4F97-A470-F8BB09D4E31E}"
EndProject
Global
	GlobalSection(SolutionConfigurationPlatforms) = preSolution
		Debug|Any CPU = Debug|Any CPU
		Release|Any CPU = Release|Any CPU
	EndGlobalSection
	GlobalSection(ProjectConfigurationPlatforms) = postSolution
		{C9B33994-E0D5-4F97-A470-F8BB09D4E31E}.Debug|Any CPU.ActiveCfg = Debug|Any CPU
		{C9B33994-E0D5-4F97-A470-F8BB09D4E31E}.Debug|Any CPU.Build.0 = Debug|Any CPU
		{C9B33994-E0D5-4F97-A470-F8BB09D4E31E}.Release|Any CPU.ActiveCfg = Release|Any CPU
		{C9B33994-E0D5-4F97-A470-F8BB09D4E31E}.Release|Any CPU.Build.0 = Release|Any CPU
	EndGlobalSection
	GlobalSection(SolutionProperties) = preSolution
		HideSolutionNode = FALSE
	EndGlobalSection
	GlobalSection(ExtensibilityGlobals) = postSolution
		SolutionGuid = {0BB8939B-4BEE-4574-B638-53F4DC9964E4}
	EndGlobalSection
EndGlobal
